
Microsoft Visual Studio Solution File, Format Version 12.00
# Visual Studio 15
Project("{FAE04EC0-301F-11D3-BF4B-00C04F79EFBC}") = "Assembly-CSharp", "Assembly-CSharp.csproj", "{AEDDDA5B-B8FB-3D0B-3EB7-7D41537EC904}"
EndProject
Project("{FAE04EC0-301F-11D3-BF4B-00C04F79EFBC}") = "Google.Play.Common", "Google.Play.Common.csproj", "{5C1F16CA-A4EC-3FCC-1536-71BE4B0B83AB}"
EndProject
Project("{FAE04EC0-301F-11D3-BF4B-00C04F79EFBC}") = "Google.Play.Integrity", "Google.Play.Integrity.csproj", "{A9370F32-FD54-D90F-B474-3747D68BB82D}"
EndProject
Project("{FAE04EC0-301F-11D3-BF4B-00C04F79EFBC}") = "Google.Play.Core", "Google.Play.Core.csproj", "{EFBFEBD3-C327-CFC9-829E-8EE6B8B02BE7}"
EndProject
Project("{FAE04EC0-301F-11D3-BF4B-00C04F79EFBC}") = "Assembly-CSharp-Editor", "Assembly-CSharp-Editor.csproj", "{97770E72-9B07-C1D1-3824-7EBBA4C3117E}"
EndProject
Global
	GlobalSection(SolutionConfigurationPlatforms) = preSolution
		Debug|Any CPU = Debug|Any CPU
		Release|Any CPU = Release|Any CPU
	EndGlobalSection
	GlobalSection(ProjectConfigurationPlatforms) = postSolution
		{AEDDDA5B-B8FB-3D0B-3EB7-7D41537EC904}.Debug|Any CPU.ActiveCfg = Debug|Any CPU
		{AEDDDA5B-B8FB-3D0B-3EB7-7D41537EC904}.Debug|Any CPU.Build.0 = Debug|Any CPU
		{AEDDDA5B-B8FB-3D0B-3EB7-7D41537EC904}.Release|Any CPU.ActiveCfg = Release|Any CPU
		{AEDDDA5B-B8FB-3D0B-3EB7-7D41537EC904}.Release|Any CPU.Build.0 = Release|Any CPU
		{5C1F16CA-A4EC-3FCC-1536-71BE4B0B83AB}.Debug|Any CPU.ActiveCfg = Debug|Any CPU
		{5C1F16CA-A4EC-3FCC-1536-71BE4B0B83AB}.Debug|Any CPU.Build.0 = Debug|Any CPU
		{5C1F16CA-A4EC-3FCC-1536-71BE4B0B83AB}.Release|Any CPU.ActiveCfg = Release|Any CPU
		{5C1F16CA-A4EC-3FCC-1536-71BE4B0B83AB}.Release|Any CPU.Build.0 = Release|Any CPU
		{A9370F32-FD54-D90F-B474-3747D68BB82D}.Debug|Any CPU.ActiveCfg = Debug|Any CPU
		{A9370F32-FD54-D90F-B474-3747D68BB82D}.Debug|Any CPU.Build.0 = Debug|Any CPU
		{A9370F32-FD54-D90F-B474-3747D68BB82D}.Release|Any CPU.ActiveCfg = Release|Any CPU
		{A9370F32-FD54-D90F-B474-3747D68BB82D}.Release|Any CPU.Build.0 = Release|Any CPU
		{EFBFEBD3-C327-CFC9-829E-8EE6B8B02BE7}.Debug|Any CPU.ActiveCfg = Debug|Any CPU
		{EFBFEBD3-C327-CFC9-829E-8EE6B8B02BE7}.Debug|Any CPU.Build.0 = Debug|Any CPU
		{EFBFEBD3-C327-CFC9-829E-8EE6B8B02BE7}.Release|Any CPU.ActiveCfg = Release|Any CPU
		{EFBFEBD3-C327-CFC9-829E-8EE6B8B02BE7}.Release|Any CPU.Build.0 = Release|Any CPU
		{97770E72-9B07-C1D1-3824-7EBBA4C3117E}.Debug|Any CPU.ActiveCfg = Debug|Any CPU
		{97770E72-9B07-C1D1-3824-7EBBA4C3117E}.Debug|Any CPU.Build.0 = Debug|Any CPU
		{97770E72-9B07-C1D1-3824-7EBBA4C3117E}.Release|Any CPU.ActiveCfg = Release|Any CPU
		{97770E72-9B07-C1D1-3824-7EBBA4C3117E}.Release|Any CPU.Build.0 = Release|Any CPU
	EndGlobalSection
	GlobalSection(SolutionProperties) = preSolution
		HideSolutionNode = FALSE
	EndGlobalSection
EndGlobal
